
Microsoft Visual Studio Solution File, Format Version 12.00
# Visual Studio Version 16
VisualStudioVersion = 16.0.30804.86
MinimumVisualStudioVersion = 10.0.40219.1
Project("{FAE04EC0-301F-11D3-BF4B-00C04F79EFBC}") = "Win_Auto_Task", "Win_Auto_Task.csproj", "{6A642D18-B58D-45F0-AD7C-4A6F94EC4161}"
EndProject
Global
	GlobalSection(SolutionConfigurationPlatforms) = preSolution
		Debug|Any CPU = Debug|Any CPU
		Release|Any CPU = Release|Any CPU
	EndGlobalSection
	GlobalSection(ProjectConfigurationPlatforms) = postSolution
		{6A642D18-B58D-45F0-AD7C-4A6F94EC4161}.Debug|Any CPU.ActiveCfg = Debug|Any CPU
		{6A642D18-B58D-45F0-AD7C-4A6F94EC4161}.Debug|Any CPU.Build.0 = Debug|Any CPU
		{6A642D18-B58D-45F0-AD7C-4A6F94EC4161}.Release|Any CPU.ActiveCfg = Release|Any CPU
		{6A642D18-B58D-45F0-AD7C-4A6F94EC4161}.Release|Any CPU.Build.0 = Release|Any CPU
	EndGlobalSection
	GlobalSection(SolutionProperties) = preSolution
		HideSolutionNode = FALSE
	EndGlobalSection
	GlobalSection(ExtensibilityGlobals) = postSolution
		SolutionGuid = {86FA46C3-0EB1-4EC8-9B7E-7E2E6AB002DB}
	EndGlobalSection
EndGlobal
